
Microsoft Visual Studio Solution File, Format Version 12.00
# Visual Studio Version 17
VisualStudioVersion = 17.10.35004.147
MinimumVisualStudioVersion = 10.0.40219.1
Project("{FAE04EC0-301F-11D3-BF4B-00C04F79EFBC}") = "hw_03_10_2024", "hw_03_10_2024\hw_03_10_2024.csproj", "{FCED283F-FAB1-4B44-9D27-7790EFE92F1C}"
EndProject
Global
	GlobalSection(SolutionConfigurationPlatforms) = preSolution
		Debug|Any CPU = Debug|Any CPU
		Release|Any CPU = Release|Any CPU
	EndGlobalSection
	GlobalSection(ProjectConfigurationPlatforms) = postSolution
		{FCED283F-FAB1-4B44-9D27-7790EFE92F1C}.Debug|Any CPU.ActiveCfg = Debug|Any CPU
		{FCED283F-FAB1-4B44-9D27-7790EFE92F1C}.Debug|Any CPU.Build.0 = Debug|Any CPU
		{FCED283F-FAB1-4B44-9D27-7790EFE92F1C}.Release|Any CPU.ActiveCfg = Release|Any CPU
		{FCED283F-FAB1-4B44-9D27-7790EFE92F1C}.Release|Any CPU.Build.0 = Release|Any CPU
	EndGlobalSection
	GlobalSection(SolutionProperties) = preSolution
		HideSolutionNode = FALSE
	EndGlobalSection
	GlobalSection(ExtensibilityGlobals) = postSolution
		SolutionGuid = {8C75A14F-B7E9-4A48-9F06-C4DD07F4EA02}
	EndGlobalSection
EndGlobal
